// !$*UTF8*$!
{
	archiveVersion = 1;
	classes = {
	};
	objectVersion = 46;
	objects = {

/* Begin PBXBuildFile section */
		CE691A4218371F860047F74C /* Foundation.framework in Frameworks */ = {isa = PBXBuildFile; fileRef = CE691A4118371F860047F74C /* Foundation.framework */; };
		CE691A4418371F860047F74C /* CoreGraphics.framework in Frameworks */ = {isa = PBXBuildFile; fileRef = CE691A4318371F860047F74C /* CoreGraphics.framework */; };
		CE691A4618371F860047F74C /* UIKit.framework in Frameworks */ = {isa = PBXBuildFile; fileRef = CE691A4518371F860047F74C /* UIKit.framework */; };
		CE691A4C18371F860047F74C /* InfoPlist.strings in Resources */ = {isa = PBXBuildFile; fileRef = CE691A4A18371F860047F74C /* InfoPlist.strings */; };
		CE691A4E18371F860047F74C /* main.m in Sources */ = {isa = PBXBuildFile; fileRef = CE691A4D18371F860047F74C /* main.m */; };
		CE691A5218371F860047F74C /* AppDelegate.m in Sources */ = {isa = PBXBuildFile; fileRef = CE691A5118371F860047F74C /* AppDelegate.m */; };
		CE691A5418371F860047F74C /* Images.xcassets in Resources */ = {isa = PBXBuildFile; fileRef = CE691A5318371F860047F74C /* Images.xcassets */; };
		CE691A5B18371F870047F74C /* XCTest.framework in Frameworks */ = {isa = PBXBuildFile; fileRef = CE691A5A18371F870047F74C /* XCTest.framework */; };
		CE691A5C18371F870047F74C /* Foundation.framework in Frameworks */ = {isa = PBXBuildFile; fileRef = CE691A4118371F860047F74C /* Foundation.framework */; };
		CE691A5D18371F870047F74C /* UIKit.framework in Frameworks */ = {isa = PBXBuildFile; fileRef = CE691A4518371F860047F74C /* UIKit.framework */; };
		CE691A6518371F870047F74C /* InfoPlist.strings in Resources */ = {isa = PBXBuildFile; fileRef = CE691A6318371F870047F74C /* InfoPlist.strings */; };
		CE691A6718371F870047F74C /* hijack_demoTests.m in Sources */ = {isa = PBXBuildFile; fileRef = CE691A6618371F870047F74C /* hijack_demoTests.m */; };
/* End PBXBuildFile section */

/* Begin PBXContainerItemProxy section */
		CE691A5E18371F870047F74C /* PBXContainerItemProxy */ = {
			isa = PBXContainerItemProxy;
			containerPortal = CE691A3618371F860047F74C /* Project object */;
			proxyType = 1;
			remoteGlobalIDString = CE691A3D18371F860047F74C;
			remoteInfo = hijack_demo;
		};
/* End PBXContainerItemProxy section */

/* Begin PBXFileReference section */
		CE691A3E18371F860047F74C /* hijack_demo.app */ = {isa = PBXFileReference; explicitFileType = wrapper.application; includeInIndex = 0; path = hijack_demo.app; sourceTree = BUILT_PRODUCTS_DIR; };
		CE691A4118371F860047F74C /* Foundation.framework */ = {isa = PBXFileReference; lastKnownFileType = wrapper.framework; name = Foundation.framework; path = System/Library/Frameworks/Foundation.framework; sourceTree = SDKROOT; };
		CE691A4318371F860047F74C /* CoreGraphics.framework */ = {isa = PBXFileReference; lastKnownFileType = wrapper.framework; name = CoreGraphics.framework; path = System/Library/Frameworks/CoreGraphics.framework; sourceTree = SDKROOT; };
		CE691A4518371F860047F74C /* UIKit.framework */ = {isa = PBXFileReference; lastKnownFileType = wrapper.framework; name = UIKit.framework; path = System/Library/Frameworks/UIKit.framework; sourceTree = SDKROOT; };
		CE691A4918371F860047F74C /* hijack_demo-Info.plist */ = {isa = PBXFileReference; lastKnownFileType = text.plist.xml; path = "hijack_demo-Info.plist"; sourceTree = "<group>"; };
		CE691A4B18371F860047F74C /* en */ = {isa = PBXFileReference; lastKnownFileType = text.plist.strings; name = en; path = en.lproj/InfoPlist.strings; sourceTree = "<group>"; };
		CE691A4D18371F860047F74C /* main.m */ = {isa = PBXFileReference; lastKnownFileType = sourcecode.c.objc; path = main.m; sourceTree = "<group>"; };
		CE691A4F18371F860047F74C /* hijack_demo-Prefix.pch */ = {isa = PBXFileReference; lastKnownFileType = sourcecode.c.h; path = "hijack_demo-Prefix.pch"; sourceTree = "<group>"; };
		CE691A5018371F860047F74C /* AppDelegate.h */ = {isa = PBXFileReference; lastKnownFileType = sourcecode.c.h; path = AppDelegate.h; sourceTree = "<group>"; };
		CE691A5118371F860047F74C /* AppDelegate.m */ = {isa = PBXFileReference; lastKnownFileType = sourcecode.c.objc; path = AppDelegate.m; sourceTree = "<group>"; };
		CE691A5318371F860047F74C /* Images.xcassets */ = {isa = PBXFileReference; lastKnownFileType = folder.assetcatalog; path = Images.xcassets; sourceTree = "<group>"; };
		CE691A5918371F870047F74C /* hijack_demoTests.xctest */ = {isa = PBXFileReference; explicitFileType = wrapper.cfbundle; includeInIndex = 0; path = hijack_demoTests.xctest; sourceTree = BUILT_PRODUCTS_DIR; };
		CE691A5A18371F870047F74C /* XCTest.framework */ = {isa = PBXFileReference; lastKnownFileType = wrapper.framework; name = XCTest.framework; path = Library/Frameworks/XCTest.framework; sourceTree = DEVELOPER_DIR; };
		CE691A6218371F870047F74C /* hijack_demoTests-Info.plist */ = {isa = PBXFileReference; lastKnownFileType = text.plist.xml; path = "hijack_demoTests-Info.plist"; sourceTree = "<group>"; };
		CE691A6418371F870047F74C /* en */ = {isa = PBXFileReference; lastKnownFileType = text.plist.strings; name = en; path = en.lproj/InfoPlist.strings; sourceTree = "<group>"; };
		CE691A6618371F870047F74C /* hijack_demoTests.m */ = {isa = PBXFileReference; lastKnownFileType = sourcecode.c.objc; path = hijack_demoTests.m; sourceTree = "<group>"; };
/* End PBXFileReference section */

/* Begin PBXFrameworksBuildPhase section */
		CE691A3B18371F860047F74C /* Frameworks */ = {
			isa = PBXFrameworksBuildPhase;
			buildActionMask = 2147483647;
			files = (
				CE691A4418371F860047F74C /* CoreGraphics.framework in Frameworks */,
				CE691A4618371F860047F74C /* UIKit.framework in Frameworks */,
				CE691A4218371F860047F74C /* Foundation.framework in Frameworks */,
			);
			runOnlyForDeploymentPostprocessing = 0;
		};
		CE691A5618371F870047F74C /* Frameworks */ = {
			isa = PBXFrameworksBuildPhase;
			buildActionMask = 2147483647;
			files = (
				CE691A5B18371F870047F74C /* XCTest.framework in Frameworks */,
				CE691A5D18371F870047F74C /* UIKit.framework in Frameworks */,
				CE691A5C18371F870047F74C /* Foundation.framework in Frameworks */,
			);
			runOnlyForDeploymentPostprocessing = 0;
		};
/* End PBXFrameworksBuildPhase section */

/* Begin PBXGroup section */
		CE691A3518371F860047F74C = {
			isa = PBXGroup;
			children = (
				CE691A4718371F860047F74C /* hijack_demo */,
				CE691A6018371F870047F74C /* hijack_demoTests */,
				CE691A4018371F860047F74C /* Frameworks */,
				CE691A3F18371F860047F74C /* Products */,
			);
			sourceTree = "<group>";
		};
		CE691A3F18371F860047F74C /* Products */ = {
			isa = PBXGroup;
			children = (
				CE691A3E18371F860047F74C /* hijack_demo.app */,
				CE691A5918371F870047F74C /* hijack_demoTests.xctest */,
			);
			name = Products;
			sourceTree = "<group>";
		};
		CE691A4018371F860047F74C /* Frameworks */ = {
			isa = PBXGroup;
			children = (
				CE691A4118371F860047F74C /* Foundation.framework */,
				CE691A4318371F860047F74C /* CoreGraphics.framework */,
				CE691A4518371F860047F74C /* UIKit.framework */,
				CE691A5A18371F870047F74C /* XCTest.framework */,
			);
			name = Frameworks;
			sourceTree = "<group>";
		};
		CE691A4718371F860047F74C /* hijack_demo */ = {
			isa = PBXGroup;
			children = (
				CE691A5018371F860047F74C /* AppDelegate.h */,
				CE691A5118371F860047F74C /* AppDelegate.m */,
				CE691A5318371F860047F74C /* Images.xcassets */,
				CE691A4818371F860047F74C /* Supporting Files */,
			);
			path = hijack_demo;
			sourceTree = "<group>";
		};
		CE691A4818371F860047F74C /* Supporting Files */ = {
			isa = PBXGroup;
			children = (
				CE691A4918371F860047F74C /* hijack_demo-Info.plist */,
				CE691A4A18371F860047F74C /* InfoPlist.strings */,
				CE691A4D18371F860047F74C /* main.m */,
				CE691A4F18371F860047F74C /* hijack_demo-Prefix.pch */,
			);
			name = "Supporting Files";
			sourceTree = "<group>";
		};
		CE691A6018371F870047F74C /* hijack_demoTests */ = {
			isa = PBXGroup;
			children = (
				CE691A6618371F870047F74C /* hijack_demoTests.m */,
				CE691A6118371F870047F74C /* Supporting Files */,
			);
			path = hijack_demoTests;
			sourceTree = "<group>";
		};
		CE691A6118371F870047F74C /* Supporting Files */ = {
			isa = PBXGroup;
			children = (
				CE691A6218371F870047F74C /* hijack_demoTests-Info.plist */,
				CE691A6318371F870047F74C /* InfoPlist.strings */,
			);
			name = "Supporting Files";
			sourceTree = "<group>";
		};
/* End PBXGroup section */

/* Begin PBXNativeTarget section */
		CE691A3D18371F860047F74C /* hijack_demo */ = {
			isa = PBXNativeTarget;
			buildConfigurationList = CE691A6A18371F870047F74C /* Build configuration list for PBXNativeTarget "hijack_demo" */;
			buildPhases = (
				CE691A3A18371F860047F74C /* Sources */,
				CE691A3B18371F860047F74C /* Frameworks */,
				CE691A3C18371F860047F74C /* Resources */,
			);
			buildRules = (
			);
			dependencies = (
			);
			name = hijack_demo;
			productName = hijack_demo;
			productReference = CE691A3E18371F860047F74C /* hijack_demo.app */;
			productType = "com.apple.product-type.application";
		};
		CE691A5818371F870047F74C /* hijack_demoTests */ = {
			isa = PBXNativeTarget;
			buildConfigurationList = CE691A6D18371F870047F74C /* Build configuration list for PBXNativeTarget "hijack_demoTests" */;
			buildPhases = (
				CE691A5518371F870047F74C /* Sources */,
				CE691A5618371F870047F74C /* Frameworks */,
				CE691A5718371F870047F74C /* Resources */,
			);
			buildRules = (
			);
			dependencies = (
				CE691A5F18371F870047F74C /* PBXTargetDependency */,
			);
			name = hijack_demoTests;
			productName = hijack_demoTests;
			productReference = CE691A5918371F870047F74C /* hijack_demoTests.xctest */;
			productType = "com.apple.product-type.bundle.unit-test";
		};
/* End PBXNativeTarget section */

/* Begin PBXProject section */
		CE691A3618371F860047F74C /* Project object */ = {
			isa = PBXProject;
			attributes = {
				LastUpgradeCheck = 0500;
				ORGANIZATIONNAME = Junsheng;
				TargetAttributes = {
					CE691A5818371F870047F74C = {
						TestTargetID = CE691A3D18371F860047F74C;
					};
				};
			};
			buildConfigurationList = CE691A3918371F860047F74C /* Build configuration list for PBXProject "hijack_demo" */;
			compatibilityVersion = "Xcode 3.2";
			developmentRegion = English;
			hasScannedForEncodings = 0;
			knownRegions = (
				en,
			);
			mainGroup = CE691A3518371F860047F74C;
			productRefGroup = CE691A3F18371F860047F74C /* Products */;
			projectDirPath = "";
			projectRoot = "";
			targets = (
				CE691A3D18371F860047F74C /* hijack_demo */,
				CE691A5818371F870047F74C /* hijack_demoTests */,
			);
		};
/* End PBXProject section */

/* Begin PBXResourcesBuildPhase section */
		CE691A3C18371F860047F74C /* Resources */ = {
			isa = PBXResourcesBuildPhase;
			buildActionMask = 2147483647;
			files = (
				CE691A4C18371F860047F74C /* InfoPlist.strings in Resources */,
				CE691A5418371F860047F74C /* Images.xcassets in Resources */,
			);
			runOnlyForDeploymentPostprocessing = 0;
		};
		CE691A5718371F870047F74C /* Resources */ = {
			isa = PBXResourcesBuildPhase;
			buildActionMask = 2147483647;
			files = (
				CE691A6518371F870047F74C /* InfoPlist.strings in Resources */,
			);
			runOnlyForDeploymentPostprocessing = 0;
		};
/* End PBXResourcesBuildPhase section */

/* Begin PBXSourcesBuildPhase section */
		CE691A3A18371F860047F74C /* Sources */ = {
			isa = PBXSourcesBuildPhase;
			buildActionMask = 2147483647;
			files = (
				CE691A5218371F860047F74C /* AppDelegate.m in Sources */,
				CE691A4E18371F860047F74C /* main.m in Sources */,
			);
			runOnlyForDeploymentPostprocessing = 0;
		};
		CE691A5518371F870047F74C /* Sources */ = {
			isa = PBXSourcesBuildPhase;
			buildActionMask = 2147483647;
			files = (
				CE691A6718371F870047F74C /* hijack_demoTests.m in Sources */,
			);
			runOnlyForDeploymentPostprocessing = 0;
		};
/* End PBXSourcesBuildPhase section */

/* Begin PBXTargetDependency section */
		CE691A5F18371F870047F74C /* PBXTargetDependency */ = {
			isa = PBXTargetDependency;
			target = CE691A3D18371F860047F74C /* hijack_demo */;
			targetProxy = CE691A5E18371F870047F74C /* PBXContainerItemProxy */;
		};
/* End PBXTargetDependency section */

/* Begin PBXVariantGroup section */
		CE691A4A18371F860047F74C /* InfoPlist.strings */ = {
			isa = PBXVariantGroup;
			children = (
				CE691A4B18371F860047F74C /* en */,
			);
			name = InfoPlist.strings;
			sourceTree = "<group>";
		};
		CE691A6318371F870047F74C /* InfoPlist.strings */ = {
			isa = PBXVariantGroup;
			children = (
				CE691A6418371F870047F74C /* en */,
			);
			name = InfoPlist.strings;
			sourceTree = "<group>";
		};
/* End PBXVariantGroup section */

/* Begin XCBuildConfiguration section */
		CE691A6818371F870047F74C /* Debug */ = {
			isa = XCBuildConfiguration;
			buildSettings = {
				ALWAYS_SEARCH_USER_PATHS = NO;
				ARCHS = "$(ARCHS_STANDARD_INCLUDING_64_BIT)";
				CLANG_CXX_LANGUAGE_STANDARD = "gnu++0x";
				CLANG_CXX_LIBRARY = "libc++";
				CLANG_ENABLE_MODULES = YES;
				CLANG_ENABLE_OBJC_ARC = YES;
				CLANG_WARN_BOOL_CONVERSION = YES;
				CLANG_WARN_CONSTANT_CONVERSION = YES;
				CLANG_WARN_DIRECT_OBJC_ISA_USAGE = YES_ERROR;
				CLANG_WARN_EMPTY_BODY = YES;
				CLANG_WARN_ENUM_CONVERSION = YES;
				CLANG_WARN_INT_CONVERSION = YES;
				CLANG_WARN_OBJC_ROOT_CLASS = YES_ERROR;
				CLANG_WARN__DUPLICATE_METHOD_MATCH = YES;
				"CODE_SIGN_IDENTITY[sdk=iphoneos*]" = "iPhone Developer";
				COPY_PHASE_STRIP = NO;
				GCC_C_LANGUAGE_STANDARD = gnu99;
				GCC_DYNAMIC_NO_PIC = NO;
				GCC_OPTIMIZATION_LEVEL = 0;
				GCC_PREPROCESSOR_DEFINITIONS = (
					"DEBUG=1",
					"$(inherited)",
				);
				GCC_SYMBOLS_PRIVATE_EXTERN = NO;
				GCC_WARN_64_TO_32_BIT_CONVERSION = YES;
				GCC_WARN_ABOUT_RETURN_TYPE = YES_ERROR;
				GCC_WARN_UNDECLARED_SELECTOR = YES;
				GCC_WARN_UNINITIALIZED_AUTOS = YES;
				GCC_WARN_UNUSED_FUNCTION = YES;
				GCC_WARN_UNUSED_VARIABLE = YES;
				IPHONEOS_DEPLOYMENT_TARGET = 7.0;
				ONLY_ACTIVE_ARCH = YES;
				SDKROOT = iphoneos;
			};
			name = Debug;
		};
		CE691A6918371F870047F74C /* Release */ = {
			isa = XCBuildConfiguration;
			buildSettings = {
				ALWAYS_SEARCH_USER_PATHS = NO;
				ARCHS = "$(ARCHS_STANDARD_INCLUDING_64_BIT)";
				CLANG_CXX_LANGUAGE_STANDARD = "gnu++0x";
				CLANG_CXX_LIBRARY = "libc++";
				CLANG_ENABLE_MODULES = YES;
				CLANG_ENABLE_OBJC_ARC = YES;
				CLANG_WARN_BOOL_CONVERSION = YES;
				CLANG_WARN_CONSTANT_CONVERSION = YES;
				CLANG_WARN_DIRECT_OBJC_ISA_USAGE = YES_ERROR;
				CLANG_WARN_EMPTY_BODY = YES;
				CLANG_WARN_ENUM_CONVERSION = YES;
				CLANG_WARN_INT_CONVERSION = YES;
				CLANG_WARN_OBJC_ROOT_CLASS = YES_ERROR;
				CLANG_WARN__DUPLICATE_METHOD_MATCH = YES;
				"CODE_SIGN_IDENTITY[sdk=iphoneos*]" = "iPhone Developer";
				COPY_PHASE_STRIP = YES;
				ENABLE_NS_ASSERTIONS = NO;
				GCC_C_LANGUAGE_STANDARD = gnu99;
				GCC_WARN_64_TO_32_BIT_CONVERSION = YES;
				GCC_WARN_ABOUT_RETURN_TYPE = YES_ERROR;
				GCC_WARN_UNDECLARED_SELECTOR = YES;
				GCC_WARN_UNINITIALIZED_AUTOS = YES;
				GCC_WARN_UNUSED_FUNCTION = YES;
				GCC_WARN_UNUSED_VARIABLE = YES;
				IPHONEOS_DEPLOYMENT_TARGET = 7.0;
				SDKROOT = iphoneos;
				VALIDATE_PRODUCT = YES;
			};
			name = Release;
		};
		CE691A6B18371F870047F74C /* Debug */ = {
			isa = XCBuildConfiguration;
			buildSettings = {
				ASSETCATALOG_COMPILER_APPICON_NAME = AppIcon;
				ASSETCATALOG_COMPILER_LAUNCHIMAGE_NAME = LaunchImage;
				GCC_PRECOMPILE_PREFIX_HEADER = YES;
				GCC_PREFIX_HEADER = "hijack_demo/hijack_demo-Prefix.pch";
				INFOPLIST_FILE = "hijack_demo/hijack_demo-Info.plist";
				PRODUCT_NAME = "$(TARGET_NAME)";
				WRAPPER_EXTENSION = app;
			};
			name = Debug;
		};
		CE691A6C18371F870047F74C /* Release */ = {
			isa = XCBuildConfiguration;
			buildSettings = {
				ASSETCATALOG_COMPILER_APPICON_NAME = AppIcon;
				ASSETCATALOG_COMPILER_LAUNCHIMAGE_NAME = LaunchImage;
				GCC_PRECOMPILE_PREFIX_HEADER = YES;
				GCC_PREFIX_HEADER = "hijack_demo/hijack_demo-Prefix.pch";
				INFOPLIST_FILE = "hijack_demo/hijack_demo-Info.plist";
				PRODUCT_NAME = "$(TARGET_NAME)";
				WRAPPER_EXTENSION = app;
			};
			name = Release;
		};
		CE691A6E18371F870047F74C /* Debug */ = {
			isa = XCBuildConfiguration;
			buildSettings = {
				ARCHS = "$(ARCHS_STANDARD_INCLUDING_64_BIT)";
				BUNDLE_LOADER = "$(BUILT_PRODUCTS_DIR)/hijack_demo.app/hijack_demo";
				FRAMEWORK_SEARCH_PATHS = (
					"$(SDKROOT)/Developer/Library/Frameworks",
					"$(inherited)",
					"$(DEVELOPER_FRAMEWORKS_DIR)",
				);
				GCC_PRECOMPILE_PREFIX_HEADER = YES;
				GCC_PREFIX_HEADER = "hijack_demo/hijack_demo-Prefix.pch";
				GCC_PREPROCESSOR_DEFINITIONS = (
					"DEBUG=1",
					"$(inherited)",
				);
				INFOPLIST_FILE = "hijack_demoTests/hijack_demoTests-Info.plist";
				PRODUCT_NAME = "$(TARGET_NAME)";
				TEST_HOST = "$(BUNDLE_LOADER)";
				WRAPPER_EXTENSION = xctest;
			};
			name = Debug;
		};
		CE691A6F18371F870047F74C /* Release */ = {
			isa = XCBuildConfiguration;
			buildSettings = {
				ARCHS = "$(ARCHS_STANDARD_INCLUDING_64_BIT)";
				BUNDLE_LOADER = "$(BUILT_PRODUCTS_DIR)/hijack_demo.app/hijack_demo";
				FRAMEWORK_SEARCH_PATHS = (
					"$(SDKROOT)/Developer/Library/Frameworks",
					"$(inherited)",
					"$(DEVELOPER_FRAMEWORKS_DIR)",
				);
				GCC_PRECOMPILE_PREFIX_HEADER = YES;
				GCC_PREFIX_HEADER = "hijack_demo/hijack_demo-Prefix.pch";
				INFOPLIST_FILE = "hijack_demoTests/hijack_demoTests-Info.plist";
				PRODUCT_NAME = "$(TARGET_NAME)";
				TEST_HOST = "$(BUNDLE_LOADER)";
				WRAPPER_EXTENSION = xctest;
			};
			name = Release;
		};
/* End XCBuildConfiguration section */

/* Begin XCConfigurationList section */
		CE691A3918371F860047F74C /* Build configuration list for PBXProject "hijack_demo" */ = {
			isa = XCConfigurationList;
			buildConfigurations = (
				CE691A6818371F870047F74C /* Debug */,
				CE691A6918371F870047F74C /* Release */,
			);
			defaultConfigurationIsVisible = 0;
			defaultConfigurationName = Release;
		};
		CE691A6A18371F870047F74C /* Build configuration list for PBXNativeTarget "hijack_demo" */ = {
			isa = XCConfigurationList;
			buildConfigurations = (
				CE691A6B18371F870047F74C /* Debug */,
				CE691A6C18371F870047F74C /* Release */,
			);
			defaultConfigurationIsVisible = 0;
		};
		CE691A6D18371F870047F74C /* Build configuration list for PBXNativeTarget "hijack_demoTests" */ = {
			isa = XCConfigurationList;
			buildConfigurations = (
				CE691A6E18371F870047F74C /* Debug */,
				CE691A6F18371F870047F74C /* Release */,
			);
			defaultConfigurationIsVisible = 0;
		};
/* End XCConfigurationList section */
	};
	rootObject = CE691A3618371F860047F74C /* Project object */;
}
